{
  "requires": true,
  "lockfileVersion": 1,
  "dependencies": {
    "vue-axios": {
      "version": "3.4.1",
      "resolved": "https://registry.npmjs.org/vue-axios/-/vue-axios-3.4.1.tgz",
      "integrity": "sha512-8YZYUOQrBEJktxoQtrM4rr2LfVcDaWfJqv8MqtLlgLlkuBvCYKFSZSo6AXQ4YcCzdgccDqstmuaEh68lcH9xWA=="
    }
  }
}
